
Microsoft Visual Studio Solution File, Format Version 12.00
# Visual Studio Version 17
VisualStudioVersion = 17.14.36221.1 d17.14
MinimumVisualStudioVersion = 10.0.40219.1
Project("{FAE04EC0-301F-11D3-BF4B-00C04F79EFBC}") = "SignalR", "SignalR\SignalR.csproj", "{BD661B31-4EED-4F40-96BC-D07E13F8E958}"
EndProject
Global
	GlobalSection(SolutionConfigurationPlatforms) = preSolution
		Debug|Any CPU = Debug|Any CPU
		Release|Any CPU = Release|Any CPU
	EndGlobalSection
	GlobalSection(ProjectConfigurationPlatforms) = postSolution
		{BD661B31-4EED-4F40-96BC-D07E13F8E958}.Debug|Any CPU.ActiveCfg = Debug|Any CPU
		{BD661B31-4EED-4F40-96BC-D07E13F8E958}.Debug|Any CPU.Build.0 = Debug|Any CPU
		{BD661B31-4EED-4F40-96BC-D07E13F8E958}.Release|Any CPU.ActiveCfg = Release|Any CPU
		{BD661B31-4EED-4F40-96BC-D07E13F8E958}.Release|Any CPU.Build.0 = Release|Any CPU
	EndGlobalSection
	GlobalSection(SolutionProperties) = preSolution
		HideSolutionNode = FALSE
	EndGlobalSection
	GlobalSection(ExtensibilityGlobals) = postSolution
		SolutionGuid = {CD998785-F886-4956-BAE3-9BFD64FE1765}
	EndGlobalSection
EndGlobal
